
Microsoft Visual Studio Solution File, Format Version 12.00
# Visual Studio Version 17
VisualStudioVersion = 17.11.35327.3
MinimumVisualStudioVersion = 10.0.40219.1
Project("{FAE04EC0-301F-11D3-BF4B-00C04F79EFBC}") = "Application", "Application\Application.csproj", "{2C34E760-8AEA-4E48-968F-2FF4D496EF6C}"
EndProject
Project("{FAE04EC0-301F-11D3-BF4B-00C04F79EFBC}") = "Domain", "Domain\Domain.csproj", "{FACF0ADF-32AB-49DD-8B05-F0FCEF29FE89}"
EndProject
Project("{FAE04EC0-301F-11D3-BF4B-00C04F79EFBC}") = "Infrastructure.Persistence", "Infrastructure.Persistence\Infrastructure.Persistence.csproj", "{167AB476-F347-4FDE-AB00-6A89E70FF8E1}"
EndProject
Project("{FAE04EC0-301F-11D3-BF4B-00C04F79EFBC}") = "Infrastructure.Services", "Infrastructure.Services\Infrastructure.Services.csproj", "{4D62A2E4-990E-4934-828F-042609A698D9}"
EndProject
Project("{FAE04EC0-301F-11D3-BF4B-00C04F79EFBC}") = "Api", "Api\Api.csproj", "{BE40AE29-DFAC-4571-8FCF-A85FA4612FC0}"
EndProject
Global
	GlobalSection(SolutionConfigurationPlatforms) = preSolution
		Debug|Any CPU = Debug|Any CPU
		Release|Any CPU = Release|Any CPU
	EndGlobalSection
	GlobalSection(ProjectConfigurationPlatforms) = postSolution
		{2C34E760-8AEA-4E48-968F-2FF4D496EF6C}.Debug|Any CPU.ActiveCfg = Debug|Any CPU
		{2C34E760-8AEA-4E48-968F-2FF4D496EF6C}.Debug|Any CPU.Build.0 = Debug|Any CPU
		{2C34E760-8AEA-4E48-968F-2FF4D496EF6C}.Release|Any CPU.ActiveCfg = Release|Any CPU
		{2C34E760-8AEA-4E48-968F-2FF4D496EF6C}.Release|Any CPU.Build.0 = Release|Any CPU
		{FACF0ADF-32AB-49DD-8B05-F0FCEF29FE89}.Debug|Any CPU.ActiveCfg = Debug|Any CPU
		{FACF0ADF-32AB-49DD-8B05-F0FCEF29FE89}.Debug|Any CPU.Build.0 = Debug|Any CPU
		{FACF0ADF-32AB-49DD-8B05-F0FCEF29FE89}.Release|Any CPU.ActiveCfg = Release|Any CPU
		{FACF0ADF-32AB-49DD-8B05-F0FCEF29FE89}.Release|Any CPU.Build.0 = Release|Any CPU
		{167AB476-F347-4FDE-AB00-6A89E70FF8E1}.Debug|Any CPU.ActiveCfg = Debug|Any CPU
		{167AB476-F347-4FDE-AB00-6A89E70FF8E1}.Debug|Any CPU.Build.0 = Debug|Any CPU
		{167AB476-F347-4FDE-AB00-6A89E70FF8E1}.Release|Any CPU.ActiveCfg = Release|Any CPU
		{167AB476-F347-4FDE-AB00-6A89E70FF8E1}.Release|Any CPU.Build.0 = Release|Any CPU
		{4D62A2E4-990E-4934-828F-042609A698D9}.Debug|Any CPU.ActiveCfg = Debug|Any CPU
		{4D62A2E4-990E-4934-828F-042609A698D9}.Debug|Any CPU.Build.0 = Debug|Any CPU
		{4D62A2E4-990E-4934-828F-042609A698D9}.Release|Any CPU.ActiveCfg = Release|Any CPU
		{4D62A2E4-990E-4934-828F-042609A698D9}.Release|Any CPU.Build.0 = Release|Any CPU
		{BE40AE29-DFAC-4571-8FCF-A85FA4612FC0}.Debug|Any CPU.ActiveCfg = Debug|Any CPU
		{BE40AE29-DFAC-4571-8FCF-A85FA4612FC0}.Debug|Any CPU.Build.0 = Debug|Any CPU
		{BE40AE29-DFAC-4571-8FCF-A85FA4612FC0}.Release|Any CPU.ActiveCfg = Release|Any CPU
		{BE40AE29-DFAC-4571-8FCF-A85FA4612FC0}.Release|Any CPU.Build.0 = Release|Any CPU
	EndGlobalSection
	GlobalSection(SolutionProperties) = preSolution
		HideSolutionNode = FALSE
	EndGlobalSection
	GlobalSection(ExtensibilityGlobals) = postSolution
		SolutionGuid = {A8A180C3-8E76-4334-B262-14D4D552810F}
	EndGlobalSection
EndGlobal
